// !$*UTF8*$!
{
	archiveVersion = 1;
	classes = {
	};
	objectVersion = 50;
	objects = {

/* Begin PBXBuildFile section */
		EABAB092209AEB23000198A0 /* AppDelegate.swift in Sources */ = {isa = PBXBuildFile; fileRef = EABAB091209AEB23000198A0 /* AppDelegate.swift */; };
		EABAB094209AEB23000198A0 /* ViewController.swift in Sources */ = {isa = PBXBuildFile; fileRef = EABAB093209AEB23000198A0 /* ViewController.swift */; };
		EABAB097209AEB23000198A0 /* Main.storyboard in Resources */ = {isa = PBXBuildFile; fileRef = EABAB095209AEB23000198A0 /* Main.storyboard */; };
		EABAB099209AEB28000198A0 /* Assets.xcassets in Resources */ = {isa = PBXBuildFile; fileRef = EABAB098209AEB28000198A0 /* Assets.xcassets */; };
		EABAB09C209AEB28000198A0 /* LaunchScreen.storyboard in Resources */ = {isa = PBXBuildFile; fileRef = EABAB09A209AEB28000198A0 /* LaunchScreen.storyboard */; };
/* End PBXBuildFile section */

/* Begin PBXFileReference section */
		EABAB08E209AEB23000198A0 /* EnviarRedesSociales.app */ = {isa = PBXFileReference; explicitFileType = wrapper.application; includeInIndex = 0; path = EnviarRedesSociales.app; sourceTree = BUILT_PRODUCTS_DIR; };
		EABAB091209AEB23000198A0 /* AppDelegate.swift */ = {isa = PBXFileReference; lastKnownFileType = sourcecode.swift; path = AppDelegate.swift; sourceTree = "<group>"; };
		EABAB093209AEB23000198A0 /* ViewController.swift */ = {isa = PBXFileReference; lastKnownFileType = sourcecode.swift; path = ViewController.swift; sourceTree = "<group>"; };
		EABAB096209AEB23000198A0 /* Base */ = {isa = PBXFileReference; lastKnownFileType = file.storyboard; name = Base; path = Base.lproj/Main.storyboard; sourceTree = "<group>"; };
		EABAB098209AEB28000198A0 /* Assets.xcassets */ = {isa = PBXFileReference; lastKnownFileType = folder.assetcatalog; path = Assets.xcassets; sourceTree = "<group>"; };
		EABAB09B209AEB28000198A0 /* Base */ = {isa = PBXFileReference; lastKnownFileType = file.storyboard; name = Base; path = Base.lproj/LaunchScreen.storyboard; sourceTree = "<group>"; };
		EABAB09D209AEB28000198A0 /* Info.plist */ = {isa = PBXFileReference; lastKnownFileType = text.plist.xml; path = Info.plist; sourceTree = "<group>"; };
/* End PBXFileReference section */

/* Begin PBXFrameworksBuildPhase section */
		EABAB08B209AEB23000198A0 /* Frameworks */ = {
			isa = PBXFrameworksBuildPhase;
			buildActionMask = 2147483647;
			files = (
			);
			runOnlyForDeploymentPostprocessing = 0;
		};
/* End PBXFrameworksBuildPhase section */

/* Begin PBXGroup section */
		EABAB085209AEB23000198A0 = {
			isa = PBXGroup;
			children = (
				EABAB090209AEB23000198A0 /* EnviarRedesSociales */,
				EABAB08F209AEB23000198A0 /* Products */,
			);
			sourceTree = "<group>";
		};
		EABAB08F209AEB23000198A0 /* Products */ = {
			isa = PBXGroup;
			children = (
				EABAB08E209AEB23000198A0 /* EnviarRedesSociales.app */,
			);
			name = Products;
			sourceTree = "<group>";
		};
		EABAB090209AEB23000198A0 /* EnviarRedesSociales */ = {
			isa = PBXGroup;
			children = (
				EABAB091209AEB23000198A0 /* AppDelegate.swift */,
				EABAB093209AEB23000198A0 /* ViewController.swift */,
				EABAB095209AEB23000198A0 /* Main.storyboard */,
				EABAB098209AEB28000198A0 /* Assets.xcassets */,
				EABAB09A209AEB28000198A0 /* LaunchScreen.storyboard */,
				EABAB09D209AEB28000198A0 /* Info.plist */,
			);
			path = EnviarRedesSociales;
			sourceTree = "<group>";
		};
/* End PBXGroup section */

/* Begin PBXNativeTarget section */
		EABAB08D209AEB23000198A0 /* EnviarRedesSociales */ = {
			isa = PBXNativeTarget;
			buildConfigurationList = EABAB0A0209AEB28000198A0 /* Build configuration list for PBXNativeTarget "EnviarRedesSociales" */;
			buildPhases = (
				EABAB08A209AEB23000198A0 /* Sources */,
				EABAB08B209AEB23000198A0 /* Frameworks */,
				EABAB08C209AEB23000198A0 /* Resources */,
			);
			buildRules = (
			);
			dependencies = (
			);
			name = EnviarRedesSociales;
			productName = EnviarRedesSociales;
			productReference = EABAB08E209AEB23000198A0 /* EnviarRedesSociales.app */;
			productType = "com.apple.product-type.application";
		};
/* End PBXNativeTarget section */

/* Begin PBXProject section */
		EABAB086209AEB23000198A0 /* Project object */ = {
			isa = PBXProject;
			attributes = {
				LastSwiftUpdateCheck = 0930;
				LastUpgradeCheck = 0930;
				ORGANIZATIONNAME = jesus;
				TargetAttributes = {
					EABAB08D209AEB23000198A0 = {
						CreatedOnToolsVersion = 9.3;
					};
				};
			};
			buildConfigurationList = EABAB089209AEB23000198A0 /* Build configuration list for PBXProject "EnviarRedesSociales" */;
			compatibilityVersion = "Xcode 9.3";
			developmentRegion = en;
			hasScannedForEncodings = 0;
			knownRegions = (
				en,
				Base,
			);
			mainGroup = EABAB085209AEB23000198A0;
			productRefGroup = EABAB08F209AEB23000198A0 /* Products */;
			projectDirPath = "";
			projectRoot = "";
			targets = (
				EABAB08D209AEB23000198A0 /* EnviarRedesSociales */,
			);
		};
/* End PBXProject section */

/* Begin PBXResourcesBuildPhase section */
		EABAB08C209AEB23000198A0 /* Resources */ = {
			isa = PBXResourcesBuildPhase;
			buildActionMask = 2147483647;
			files = (
				EABAB09C209AEB28000198A0 /* LaunchScreen.storyboard in Resources */,
				EABAB099209AEB28000198A0 /* Assets.xcassets in Resources */,
				EABAB097209AEB23000198A0 /* Main.storyboard in Resources */,
			);
			runOnlyForDeploymentPostprocessing = 0;
		};
/* End PBXResourcesBuildPhase section */

/* Begin PBXSourcesBuildPhase section */
		EABAB08A209AEB23000198A0 /* Sources */ = {
			isa = PBXSourcesBuildPhase;
			buildActionMask = 2147483647;
			files = (
				EABAB094209AEB23000198A0 /* ViewController.swift in Sources */,
				EABAB092209AEB23000198A0 /* AppDelegate.swift in Sources */,
			);
			runOnlyForDeploymentPostprocessing = 0;
		};
/* End PBXSourcesBuildPhase section */

/* Begin PBXVariantGroup section */
		EABAB095209AEB23000198A0 /* Main.storyboard */ = {
			isa = PBXVariantGroup;
			children = (
				EABAB096209AEB23000198A0 /* Base */,
			);
			name = Main.storyboard;
			sourceTree = "<group>";
		};
		EABAB09A209AEB28000198A0 /* LaunchScreen.storyboard */ = {
			isa = PBXVariantGroup;
			children = (
				EABAB09B209AEB28000198A0 /* Base */,
			);
			name = LaunchScreen.storyboard;
			sourceTree = "<group>";
		};
/* End PBXVariantGroup section */

/* Begin XCBuildConfiguration section */
		EABAB09E209AEB28000198A0 /* Debug */ = {
			isa = XCBuildConfiguration;
			buildSettings = {
				ALWAYS_SEARCH_USER_PATHS = NO;
				CLANG_ANALYZER_NONNULL = YES;
				CLANG_ANALYZER_NUMBER_OBJECT_CONVERSION = YES_AGGRESSIVE;
				CLANG_CXX_LANGUAGE_STANDARD = "gnu++14";
				CLANG_CXX_LIBRARY = "libc++";
				CLANG_ENABLE_MODULES = YES;
				CLANG_ENABLE_OBJC_ARC = YES;
				CLANG_ENABLE_OBJC_WEAK = YES;
				CLANG_WARN_BLOCK_CAPTURE_AUTORELEASING = YES;
				CLANG_WARN_BOOL_CONVERSION = YES;
				CLANG_WARN_COMMA = YES;
				CLANG_WARN_CONSTANT_CONVERSION = YES;
				CLANG_WARN_DEPRECATED_OBJC_IMPLEMENTATIONS = YES;
				CLANG_WARN_DIRECT_OBJC_ISA_USAGE = YES_ERROR;
				CLANG_WARN_DOCUMENTATION_COMMENTS = YES;
				CLANG_WARN_EMPTY_BODY = YES;
				CLANG_WARN_ENUM_CONVERSION = YES;
				CLANG_WARN_INFINITE_RECURSION = YES;
				CLANG_WARN_INT_CONVERSION = YES;
				CLANG_WARN_NON_LITERAL_NULL_CONVERSION = YES;
				CLANG_WARN_OBJC_IMPLICIT_RETAIN_SELF = YES;
				CLANG_WARN_OBJC_LITERAL_CONVERSION = YES;
				CLANG_WARN_OBJC_ROOT_CLASS = YES_ERROR;
				CLANG_WARN_RANGE_LOOP_ANALYSIS = YES;
				CLANG_WARN_STRICT_PROTOTYPES = YES;
				CLANG_WARN_SUSPICIOUS_MOVE = YES;
				CLANG_WARN_UNGUARDED_AVAILABILITY = YES_AGGRESSIVE;
				CLANG_WARN_UNREACHABLE_CODE = YES;
				CLANG_WARN__DUPLICATE_METHOD_MATCH = YES;
				CODE_SIGN_IDENTITY = "iPhone Developer";
				COPY_PHASE_STRIP = NO;
				DEBUG_INFORMATION_FORMAT = dwarf;
				ENABLE_STRICT_OBJC_MSGSEND = YES;
				ENABLE_TESTABILITY = YES;
				GCC_C_LANGUAGE_STANDARD = gnu11;
				GCC_DYNAMIC_NO_PIC = NO;
				GCC_NO_COMMON_BLOCKS = YES;
				GCC_OPTIMIZATION_LEVEL = 0;
				GCC_PREPROCESSOR_DEFINITIONS = (
					"DEBUG=1",
					"$(inherited)",
				);
				GCC_WARN_64_TO_32_BIT_CONVERSION = YES;
				GCC_WARN_ABOUT_RETURN_TYPE = YES_ERROR;
				GCC_WARN_UNDECLARED_SELECTOR = YES;
				GCC_WARN_UNINITIALIZED_AUTOS = YES_AGGRESSIVE;
				GCC_WARN_UNUSED_FUNCTION = YES;
				GCC_WARN_UNUSED_VARIABLE = YES;
				IPHONEOS_DEPLOYMENT_TARGET = 11.3;
				MTL_ENABLE_DEBUG_INFO = YES;
				ONLY_ACTIVE_ARCH = YES;
				SDKROOT = iphoneos;
				SWIFT_ACTIVE_COMPILATION_CONDITIONS = DEBUG;
				SWIFT_OPTIMIZATION_LEVEL = "-Onone";
			};
			name = Debug;
		};
		EABAB09F209AEB28000198A0 /* Release */ = {
			isa = XCBuildConfiguration;
			buildSettings = {
				ALWAYS_SEARCH_USER_PATHS = NO;
				CLANG_ANALYZER_NONNULL = YES;
				CLANG_ANALYZER_NUMBER_OBJECT_CONVERSION = YES_AGGRESSIVE;
				CLANG_CXX_LANGUAGE_STANDARD = "gnu++14";
				CLANG_CXX_LIBRARY = "libc++";
				CLANG_ENABLE_MODULES = YES;
				CLANG_ENABLE_OBJC_ARC = YES;
				CLANG_ENABLE_OBJC_WEAK = YES;
				CLANG_WARN_BLOCK_CAPTURE_AUTORELEASING = YES;
				CLANG_WARN_BOOL_CONVERSION = YES;
				CLANG_WARN_COMMA = YES;
				CLANG_WARN_CONSTANT_CONVERSION = YES;
				CLANG_WARN_DEPRECATED_OBJC_IMPLEMENTATIONS = YES;
				CLANG_WARN_DIRECT_OBJC_ISA_USAGE = YES_ERROR;
				CLANG_WARN_DOCUMENTATION_COMMENTS = YES;
				CLANG_WARN_EMPTY_BODY = YES;
				CLANG_WARN_ENUM_CONVERSION = YES;
				CLANG_WARN_INFINITE_RECURSION = YES;
				CLANG_WARN_INT_CONVERSION = YES;
				CLANG_WARN_NON_LITERAL_NULL_CONVERSION = YES;
				CLANG_WARN_OBJC_IMPLICIT_RETAIN_SELF = YES;
				CLANG_WARN_OBJC_LITERAL_CONVERSION = YES;
				CLANG_WARN_OBJC_ROOT_CLASS = YES_ERROR;
				CLANG_WARN_RANGE_LOOP_ANALYSIS = YES;
				CLANG_WARN_STRICT_PROTOTYPES = YES;
				CLANG_WARN_SUSPICIOUS_MOVE = YES;
				CLANG_WARN_UNGUARDED_AVAILABILITY = YES_AGGRESSIVE;
				CLANG_WARN_UNREACHABLE_CODE = YES;
				CLANG_WARN__DUPLICATE_METHOD_MATCH = YES;
				CODE_SIGN_IDENTITY = "iPhone Developer";
				COPY_PHASE_STRIP = NO;
				DEBUG_INFORMATION_FORMAT = "dwarf-with-dsym";
				ENABLE_NS_ASSERTIONS = NO;
				ENABLE_STRICT_OBJC_MSGSEND = YES;
				GCC_C_LANGUAGE_STANDARD = gnu11;
				GCC_NO_COMMON_BLOCKS = YES;
				GCC_WARN_64_TO_32_BIT_CONVERSION = YES;
				GCC_WARN_ABOUT_RETURN_TYPE = YES_ERROR;
				GCC_WARN_UNDECLARED_SELECTOR = YES;
				GCC_WARN_UNINITIALIZED_AUTOS = YES_AGGRESSIVE;
				GCC_WARN_UNUSED_FUNCTION = YES;
				GCC_WARN_UNUSED_VARIABLE = YES;
				IPHONEOS_DEPLOYMENT_TARGET = 11.3;
				MTL_ENABLE_DEBUG_INFO = NO;
				SDKROOT = iphoneos;
				SWIFT_COMPILATION_MODE = wholemodule;
				SWIFT_OPTIMIZATION_LEVEL = "-O";
				VALIDATE_PRODUCT = YES;
			};
			name = Release;
		};
		EABAB0A1209AEB28000198A0 /* Debug */ = {
			isa = XCBuildConfiguration;
			buildSettings = {
				ASSETCATALOG_COMPILER_APPICON_NAME = AppIcon;
				CODE_SIGN_STYLE = Automatic;
				DEVELOPMENT_TEAM = WQWRXX9PHB;
				INFOPLIST_FILE = EnviarRedesSociales/Info.plist;
				LD_RUNPATH_SEARCH_PATHS = (
					"$(inherited)",
					"@executable_path/Frameworks",
				);
				PRODUCT_BUNDLE_IDENTIFIER = com.aepi.EnviarRedesSociales;
				PRODUCT_NAME = "$(TARGET_NAME)";
				SWIFT_VERSION = 4.0;
				TARGETED_DEVICE_FAMILY = "1,2";
			};
			name = Debug;
		};
		EABAB0A2209AEB28000198A0 /* Release */ = {
			isa = XCBuildConfiguration;
			buildSettings = {
				ASSETCATALOG_COMPILER_APPICON_NAME = AppIcon;
				CODE_SIGN_STYLE = Automatic;
				DEVELOPMENT_TEAM = WQWRXX9PHB;
				INFOPLIST_FILE = EnviarRedesSociales/Info.plist;
				LD_RUNPATH_SEARCH_PATHS = (
					"$(inherited)",
					"@executable_path/Frameworks",
				);
				PRODUCT_BUNDLE_IDENTIFIER = com.aepi.EnviarRedesSociales;
				PRODUCT_NAME = "$(TARGET_NAME)";
				SWIFT_VERSION = 4.0;
				TARGETED_DEVICE_FAMILY = "1,2";
			};
			name = Release;
		};
/* End XCBuildConfiguration section */

/* Begin XCConfigurationList section */
		EABAB089209AEB23000198A0 /* Build configuration list for PBXProject "EnviarRedesSociales" */ = {
			isa = XCConfigurationList;
			buildConfigurations = (
				EABAB09E209AEB28000198A0 /* Debug */,
				EABAB09F209AEB28000198A0 /* Release */,
			);
			defaultConfigurationIsVisible = 0;
			defaultConfigurationName = Release;
		};
		EABAB0A0209AEB28000198A0 /* Build configuration list for PBXNativeTarget "EnviarRedesSociales" */ = {
			isa = XCConfigurationList;
			buildConfigurations = (
				EABAB0A1209AEB28000198A0 /* Debug */,
				EABAB0A2209AEB28000198A0 /* Release */,
			);
			defaultConfigurationIsVisible = 0;
			defaultConfigurationName = Release;
		};
/* End XCConfigurationList section */
	};
	rootObject = EABAB086209AEB23000198A0 /* Project object */;
}
